
Microsoft Visual Studio Solution File, Format Version 12.00
# Visual Studio 15
VisualStudioVersion = 15.0.28010.2036
MinimumVisualStudioVersion = 10.0.40219.1
Project("{9A19103F-16F7-4668-BE54-9A1E7A4F7556}") = "P01. Diagonal Difference", "P01. Diagonal Difference\P01. Diagonal Difference.csproj", "{4A50F9BA-D4F1-44D2-BDD1-84AF81B9CAB3}"
EndProject
Project("{9A19103F-16F7-4668-BE54-9A1E7A4F7556}") = "P02. 2x2 Squares in Matrix", "P02. 2x2 Squares in Matrix\P02. 2x2 Squares in Matrix.csproj", "{674E0AF7-F15C-4F03-A32B-52669215D41B}"
EndProject
Project("{9A19103F-16F7-4668-BE54-9A1E7A4F7556}") = "P03. Maximal Sum", "P03. Maximal Sum\P03. Maximal Sum.csproj", "{D7BCBF49-258F-47FA-A328-37914652529A}"
EndProject
Project("{9A19103F-16F7-4668-BE54-9A1E7A4F7556}") = "P04. Matrix shuffling", "P04. Matrix shuffling\P04. Matrix shuffling.csproj", "{FF900893-5303-4CFE-8D32-9D92AABE25B6}"
EndProject
Project("{9A19103F-16F7-4668-BE54-9A1E7A4F7556}") = "P05. Snake Moves", "P05. Snake Moves\P05. Snake Moves.csproj", "{B71AD9DF-B83B-4722-BD89-283EE465555D}"
EndProject
Project("{9A19103F-16F7-4668-BE54-9A1E7A4F7556}") = "P06. Bomb the Basement", "P06. Bomb the Basement\P06. Bomb the Basement.csproj", "{9CCA5CA0-D7BB-4A95-A9BB-845F86029F2F}"
EndProject
Project("{9A19103F-16F7-4668-BE54-9A1E7A4F7556}") = "P07. Knight Game", "P07. Knight Game\P07. Knight Game.csproj", "{C8ACA30A-65EB-4D26-98D0-775655FC488A}"
EndProject
Project("{FAE04EC0-301F-11D3-BF4B-00C04F79EFBC}") = "P09. Miner", "P09. Miner\P09. Miner.csproj", "{13E45185-1372-4CC9-ADBC-67404186A3BE}"
EndProject
Global
	GlobalSection(SolutionConfigurationPlatforms) = preSolution
		Debug|Any CPU = Debug|Any CPU
		Release|Any CPU = Release|Any CPU
	EndGlobalSection
	GlobalSection(ProjectConfigurationPlatforms) = postSolution
		{4A50F9BA-D4F1-44D2-BDD1-84AF81B9CAB3}.Debug|Any CPU.ActiveCfg = Debug|Any CPU
		{4A50F9BA-D4F1-44D2-BDD1-84AF81B9CAB3}.Debug|Any CPU.Build.0 = Debug|Any CPU
		{4A50F9BA-D4F1-44D2-BDD1-84AF81B9CAB3}.Release|Any CPU.ActiveCfg = Release|Any CPU
		{4A50F9BA-D4F1-44D2-BDD1-84AF81B9CAB3}.Release|Any CPU.Build.0 = Release|Any CPU
		{674E0AF7-F15C-4F03-A32B-52669215D41B}.Debug|Any CPU.ActiveCfg = Debug|Any CPU
		{674E0AF7-F15C-4F03-A32B-52669215D41B}.Debug|Any CPU.Build.0 = Debug|Any CPU
		{674E0AF7-F15C-4F03-A32B-52669215D41B}.Release|Any CPU.ActiveCfg = Release|Any CPU
		{674E0AF7-F15C-4F03-A32B-52669215D41B}.Release|Any CPU.Build.0 = Release|Any CPU
		{D7BCBF49-258F-47FA-A328-37914652529A}.Debug|Any CPU.ActiveCfg = Debug|Any CPU
		{D7BCBF49-258F-47FA-A328-37914652529A}.Debug|Any CPU.Build.0 = Debug|Any CPU
		{D7BCBF49-258F-47FA-A328-37914652529A}.Release|Any CPU.ActiveCfg = Release|Any CPU
		{D7BCBF49-258F-47FA-A328-37914652529A}.Release|Any CPU.Build.0 = Release|Any CPU
		{FF900893-5303-4CFE-8D32-9D92AABE25B6}.Debug|Any CPU.ActiveCfg = Debug|Any CPU
		{FF900893-5303-4CFE-8D32-9D92AABE25B6}.Debug|Any CPU.Build.0 = Debug|Any CPU
		{FF900893-5303-4CFE-8D32-9D92AABE25B6}.Release|Any CPU.ActiveCfg = Release|Any CPU
		{FF900893-5303-4CFE-8D32-9D92AABE25B6}.Release|Any CPU.Build.0 = Release|Any CPU
		{B71AD9DF-B83B-4722-BD89-283EE465555D}.Debug|Any CPU.ActiveCfg = Debug|Any CPU
		{B71AD9DF-B83B-4722-BD89-283EE465555D}.Debug|Any CPU.Build.0 = Debug|Any CPU
		{B71AD9DF-B83B-4722-BD89-283EE465555D}.Release|Any CPU.ActiveCfg = Release|Any CPU
		{B71AD9DF-B83B-4722-BD89-283EE465555D}.Release|Any CPU.Build.0 = Release|Any CPU
		{9CCA5CA0-D7BB-4A95-A9BB-845F86029F2F}.Debug|Any CPU.ActiveCfg = Debug|Any CPU
		{9CCA5CA0-D7BB-4A95-A9BB-845F86029F2F}.Debug|Any CPU.Build.0 = Debug|Any CPU
		{9CCA5CA0-D7BB-4A95-A9BB-845F86029F2F}.Release|Any CPU.ActiveCfg = Release|Any CPU
		{9CCA5CA0-D7BB-4A95-A9BB-845F86029F2F}.Release|Any CPU.Build.0 = Release|Any CPU
		{C8ACA30A-65EB-4D26-98D0-775655FC488A}.Debug|Any CPU.ActiveCfg = Debug|Any CPU
		{C8ACA30A-65EB-4D26-98D0-775655FC488A}.Debug|Any CPU.Build.0 = Debug|Any CPU
		{C8ACA30A-65EB-4D26-98D0-775655FC488A}.Release|Any CPU.ActiveCfg = Release|Any CPU
		{C8ACA30A-65EB-4D26-98D0-775655FC488A}.Release|Any CPU.Build.0 = Release|Any CPU
		{13E45185-1372-4CC9-ADBC-67404186A3BE}.Debug|Any CPU.ActiveCfg = Debug|Any CPU
		{13E45185-1372-4CC9-ADBC-67404186A3BE}.Debug|Any CPU.Build.0 = Debug|Any CPU
		{13E45185-1372-4CC9-ADBC-67404186A3BE}.Release|Any CPU.ActiveCfg = Release|Any CPU
		{13E45185-1372-4CC9-ADBC-67404186A3BE}.Release|Any CPU.Build.0 = Release|Any CPU
	EndGlobalSection
	GlobalSection(SolutionProperties) = preSolution
		HideSolutionNode = FALSE
	EndGlobalSection
	GlobalSection(ExtensibilityGlobals) = postSolution
		SolutionGuid = {1E058E04-88AE-4D43-9C52-9A16CD76C3E2}
	EndGlobalSection
EndGlobal
